
Microsoft Visual Studio Solution File, Format Version 12.00
# Visual Studio Version 18
VisualStudioVersion = 18.0.11010.61 d18.0
MinimumVisualStudioVersion = 10.0.40219.1
Project("{FAE04EC0-301F-11D3-BF4B-00C04F79EFBC}") = "Tracker", "Tracker.csproj", "{1283612C-599E-4ECF-A1B4-0961A45E39CD}"
EndProject
Global
	GlobalSection(SolutionConfigurationPlatforms) = preSolution
		Debug|Any CPU = Debug|Any CPU
		Release|Any CPU = Release|Any CPU
	EndGlobalSection
	GlobalSection(ProjectConfigurationPlatforms) = postSolution
		{1283612C-599E-4ECF-A1B4-0961A45E39CD}.Debug|Any CPU.ActiveCfg = Debug|Any CPU
		{1283612C-599E-4ECF-A1B4-0961A45E39CD}.Debug|Any CPU.Build.0 = Debug|Any CPU
		{1283612C-599E-4ECF-A1B4-0961A45E39CD}.Release|Any CPU.ActiveCfg = Release|Any CPU
		{1283612C-599E-4ECF-A1B4-0961A45E39CD}.Release|Any CPU.Build.0 = Release|Any CPU
	EndGlobalSection
	GlobalSection(SolutionProperties) = preSolution
		HideSolutionNode = FALSE
	EndGlobalSection
	GlobalSection(ExtensibilityGlobals) = postSolution
		SolutionGuid = {70258652-171C-46D5-9B98-571F0AC3CACD}
	EndGlobalSection
EndGlobal
